
Microsoft Visual Studio Solution File, Format Version 12.00
# Visual Studio Version 17
VisualStudioVersion = 17.12.35527.113
MinimumVisualStudioVersion = 10.0.40219.1
Project("{FAE04EC0-301F-11D3-BF4B-00C04F79EFBC}") = "Hammlet", "Hammlet.csproj", "{FC8C409F-3F6A-47CC-9094-9A3ED5AB0D11}"
EndProject
Project("{FAE04EC0-301F-11D3-BF4B-00C04F79EFBC}") = "CompileTimeProxyGenerator", "..\..\CompileTimeProxyGenerator\CompileTimeProxyGenerator\CompileTimeProxyGenerator.csproj", "{9B9C6849-CC0D-4AA9-B689-D786AF885C32}"
EndProject
Project("{FAE04EC0-301F-11D3-BF4B-00C04F79EFBC}") = "NetDaemon.HassModel.CodeGenerator", "..\..\netdaemon\src\HassModel\NetDaemon.HassModel.CodeGenerator\NetDaemon.HassModel.CodeGenerator.csproj", "{084505EF-79A9-49D0-B629-E0B75CC4F648}"
EndProject
Project("{FAE04EC0-301F-11D3-BF4B-00C04F79EFBC}") = "NetDaemon.HassModel", "..\..\netdaemon\src\HassModel\NetDeamon.HassModel\NetDaemon.HassModel.csproj", "{9913C013-E1E7-4512-8807-9E9004AD4ADA}"
EndProject
Project("{2150E333-8FDC-42A3-9474-1A3956D46DE8}") = "CodeGen", "CodeGen", "{61B28562-AFD2-4399-87BD-07555AF85B4D}"
EndProject
Project("{FAE04EC0-301F-11D3-BF4B-00C04F79EFBC}") = "NetDaemon.Client", "..\..\netdaemon\src\Client\NetDaemon.HassClient\NetDaemon.Client.csproj", "{AA73F3CA-D95D-45EB-95DF-C8F5752EC515}"
EndProject
Project("{FAE04EC0-301F-11D3-BF4B-00C04F79EFBC}") = "NetDaemon.HassModel.Tests", "..\..\netdaemon\src\HassModel\NetDaemon.HassModel.Tests\NetDaemon.HassModel.Tests.csproj", "{B4B91613-E0D8-483A-85F8-59C127E04A46}"
EndProject
Project("{FAE04EC0-301F-11D3-BF4B-00C04F79EFBC}") = "NetDaemon.HassModel.Integration", "..\..\netdaemon\src\HassModel\NetDaemon.HassModel.Integration\NetDaemon.HassModel.Integration.csproj", "{54A32F05-5AA6-4BB8-8747-DC10C46F0D35}"
EndProject
Global
	GlobalSection(SolutionConfigurationPlatforms) = preSolution
		Debug|Any CPU = Debug|Any CPU
		Release|Any CPU = Release|Any CPU
	EndGlobalSection
	GlobalSection(ProjectConfigurationPlatforms) = postSolution
		{FC8C409F-3F6A-47CC-9094-9A3ED5AB0D11}.Debug|Any CPU.ActiveCfg = Debug|Any CPU
		{FC8C409F-3F6A-47CC-9094-9A3ED5AB0D11}.Debug|Any CPU.Build.0 = Debug|Any CPU
		{FC8C409F-3F6A-47CC-9094-9A3ED5AB0D11}.Release|Any CPU.ActiveCfg = Release|Any CPU
		{FC8C409F-3F6A-47CC-9094-9A3ED5AB0D11}.Release|Any CPU.Build.0 = Release|Any CPU
		{9B9C6849-CC0D-4AA9-B689-D786AF885C32}.Debug|Any CPU.ActiveCfg = Debug|Any CPU
		{9B9C6849-CC0D-4AA9-B689-D786AF885C32}.Debug|Any CPU.Build.0 = Debug|Any CPU
		{9B9C6849-CC0D-4AA9-B689-D786AF885C32}.Release|Any CPU.ActiveCfg = Release|Any CPU
		{9B9C6849-CC0D-4AA9-B689-D786AF885C32}.Release|Any CPU.Build.0 = Release|Any CPU
		{084505EF-79A9-49D0-B629-E0B75CC4F648}.Debug|Any CPU.ActiveCfg = Debug|Any CPU
		{084505EF-79A9-49D0-B629-E0B75CC4F648}.Debug|Any CPU.Build.0 = Debug|Any CPU
		{084505EF-79A9-49D0-B629-E0B75CC4F648}.Release|Any CPU.ActiveCfg = Release|Any CPU
		{084505EF-79A9-49D0-B629-E0B75CC4F648}.Release|Any CPU.Build.0 = Release|Any CPU
		{9913C013-E1E7-4512-8807-9E9004AD4ADA}.Debug|Any CPU.ActiveCfg = Debug|Any CPU
		{9913C013-E1E7-4512-8807-9E9004AD4ADA}.Debug|Any CPU.Build.0 = Debug|Any CPU
		{9913C013-E1E7-4512-8807-9E9004AD4ADA}.Release|Any CPU.ActiveCfg = Release|Any CPU
		{9913C013-E1E7-4512-8807-9E9004AD4ADA}.Release|Any CPU.Build.0 = Release|Any CPU
		{AA73F3CA-D95D-45EB-95DF-C8F5752EC515}.Debug|Any CPU.ActiveCfg = Debug|Any CPU
		{AA73F3CA-D95D-45EB-95DF-C8F5752EC515}.Debug|Any CPU.Build.0 = Debug|Any CPU
		{AA73F3CA-D95D-45EB-95DF-C8F5752EC515}.Release|Any CPU.ActiveCfg = Release|Any CPU
		{AA73F3CA-D95D-45EB-95DF-C8F5752EC515}.Release|Any CPU.Build.0 = Release|Any CPU
		{B4B91613-E0D8-483A-85F8-59C127E04A46}.Debug|Any CPU.ActiveCfg = Debug|Any CPU
		{B4B91613-E0D8-483A-85F8-59C127E04A46}.Debug|Any CPU.Build.0 = Debug|Any CPU
		{B4B91613-E0D8-483A-85F8-59C127E04A46}.Release|Any CPU.ActiveCfg = Release|Any CPU
		{B4B91613-E0D8-483A-85F8-59C127E04A46}.Release|Any CPU.Build.0 = Release|Any CPU
		{54A32F05-5AA6-4BB8-8747-DC10C46F0D35}.Debug|Any CPU.ActiveCfg = Debug|Any CPU
		{54A32F05-5AA6-4BB8-8747-DC10C46F0D35}.Debug|Any CPU.Build.0 = Debug|Any CPU
		{54A32F05-5AA6-4BB8-8747-DC10C46F0D35}.Release|Any CPU.ActiveCfg = Release|Any CPU
		{54A32F05-5AA6-4BB8-8747-DC10C46F0D35}.Release|Any CPU.Build.0 = Release|Any CPU
	EndGlobalSection
	GlobalSection(SolutionProperties) = preSolution
		HideSolutionNode = FALSE
	EndGlobalSection
	GlobalSection(NestedProjects) = preSolution
		{084505EF-79A9-49D0-B629-E0B75CC4F648} = {61B28562-AFD2-4399-87BD-07555AF85B4D}
		{9913C013-E1E7-4512-8807-9E9004AD4ADA} = {61B28562-AFD2-4399-87BD-07555AF85B4D}
		{AA73F3CA-D95D-45EB-95DF-C8F5752EC515} = {61B28562-AFD2-4399-87BD-07555AF85B4D}
		{B4B91613-E0D8-483A-85F8-59C127E04A46} = {61B28562-AFD2-4399-87BD-07555AF85B4D}
		{54A32F05-5AA6-4BB8-8747-DC10C46F0D35} = {61B28562-AFD2-4399-87BD-07555AF85B4D}
	EndGlobalSection
EndGlobal
